// !$*UTF8*$!
{
	archiveVersion = 1;
	classes = {
	};
	objectVersion = 55;
	objects = {

/* Begin PBXBuildFile section */
		11C4D68708E3C30B5DF7E024 /* Pods_WoopEventos.framework in Frameworks */ = {isa = PBXBuildFile; fileRef = B890973E9ABC1CA9A0000BE3 /* Pods_WoopEventos.framework */; };
		5B664BA8277AAA8E00F580E7 /* EventListTests.swift in Sources */ = {isa = PBXBuildFile; fileRef = 5B664BA7277AAA8E00F580E7 /* EventListTests.swift */; };
		5B664BB1277BD2CA00F580E7 /* Types.swift in Sources */ = {isa = PBXBuildFile; fileRef = 5B664BB0277BD2C800F580E7 /* Types.swift */; };
		5B8669EF27726CA300A56DEF /* AppDelegate.swift in Sources */ = {isa = PBXBuildFile; fileRef = 5B8669EE27726CA300A56DEF /* AppDelegate.swift */; };
		5B8669F127726CA300A56DEF /* SceneDelegate.swift in Sources */ = {isa = PBXBuildFile; fileRef = 5B8669F027726CA300A56DEF /* SceneDelegate.swift */; };
		5B8669F627726CA300A56DEF /* Main.storyboard in Resources */ = {isa = PBXBuildFile; fileRef = 5B8669F427726CA300A56DEF /* Main.storyboard */; };
		5B8669F827726CAA00A56DEF /* Assets.xcassets in Resources */ = {isa = PBXBuildFile; fileRef = 5B8669F727726CAA00A56DEF /* Assets.xcassets */; };
		5B8669FB27726CAA00A56DEF /* LaunchScreen.storyboard in Resources */ = {isa = PBXBuildFile; fileRef = 5B8669F927726CAA00A56DEF /* LaunchScreen.storyboard */; };
		5B866A0927729FB600A56DEF /* EventListController.swift in Sources */ = {isa = PBXBuildFile; fileRef = 5B866A0827729FB600A56DEF /* EventListController.swift */; };
		5B866A0B27729FD100A56DEF /* EventDetailController.swift in Sources */ = {isa = PBXBuildFile; fileRef = 5B866A0A27729FD100A56DEF /* EventDetailController.swift */; };
		5B866A0D2772A0B300A56DEF /* Event.swift in Sources */ = {isa = PBXBuildFile; fileRef = 5B866A0C2772A0B300A56DEF /* Event.swift */; };
		5B866A0F2772A0D300A56DEF /* EventCell.swift in Sources */ = {isa = PBXBuildFile; fileRef = 5B866A0E2772A0D300A56DEF /* EventCell.swift */; };
		5B866A112772A0FA00A56DEF /* EventService.swift in Sources */ = {isa = PBXBuildFile; fileRef = 5B866A102772A0FA00A56DEF /* EventService.swift */; };
		5B866A132772A1A300A56DEF /* Constants.swift in Sources */ = {isa = PBXBuildFile; fileRef = 5B866A122772A1A300A56DEF /* Constants.swift */; };
		5B866A152772A99200A56DEF /* Extensions.swift in Sources */ = {isa = PBXBuildFile; fileRef = 5B866A142772A99200A56DEF /* Extensions.swift */; };
		5B866A192772E63400A56DEF /* Utilities.swift in Sources */ = {isa = PBXBuildFile; fileRef = 5B866A182772E63400A56DEF /* Utilities.swift */; };
		5B866A1B2773A82400A56DEF /* MapKit.framework in Frameworks */ = {isa = PBXBuildFile; fileRef = 5B866A1A2773A82400A56DEF /* MapKit.framework */; };
		5B866A1D277558F700A56DEF /* EventCheckin.swift in Sources */ = {isa = PBXBuildFile; fileRef = 5B866A1C277558F600A56DEF /* EventCheckin.swift */; };
		5B866A1F27755E1200A56DEF /* EventListViewModel.swift in Sources */ = {isa = PBXBuildFile; fileRef = 5B866A1E27755E1200A56DEF /* EventListViewModel.swift */; };
		5B866A2127758EBB00A56DEF /* EventDetailViewModel.swift in Sources */ = {isa = PBXBuildFile; fileRef = 5B866A2027758EBA00A56DEF /* EventDetailViewModel.swift */; };
		5B9685722778AB360053B25B /* EventDetailInfoView.swift in Sources */ = {isa = PBXBuildFile; fileRef = 5B9685712778AB350053B25B /* EventDetailInfoView.swift */; };
		5B9685762778F3330053B25B /* EventDetailView.swift in Sources */ = {isa = PBXBuildFile; fileRef = 5B9685752778F3330053B25B /* EventDetailView.swift */; };
		5B96857A2779074D0053B25B /* EventErrorViewController.swift in Sources */ = {isa = PBXBuildFile; fileRef = 5B9685792779074D0053B25B /* EventErrorViewController.swift */; };
		5BAA14A5277C0CA4008A9497 /* EventDetailTests.swift in Sources */ = {isa = PBXBuildFile; fileRef = 5BAA14A4277C0CA4008A9497 /* EventDetailTests.swift */; };
		5BAA14A7277C0D0C008A9497 /* MockEventService.swift in Sources */ = {isa = PBXBuildFile; fileRef = 5BAA14A6277C0D0C008A9497 /* MockEventService.swift */; };
		5BAA14AB277C1687008A9497 /* KeychainService.swift in Sources */ = {isa = PBXBuildFile; fileRef = 5BAA14AA277C1687008A9497 /* KeychainService.swift */; };
		E3AE612D4353F8473AD02C61 /* libPods-WoopEventosTests.a in Frameworks */ = {isa = PBXBuildFile; fileRef = 34518B13365D745E3A22CF2C /* libPods-WoopEventosTests.a */; };
/* End PBXBuildFile section */

/* Begin PBXContainerItemProxy section */
		5B664BA9277AAA8F00F580E7 /* PBXContainerItemProxy */ = {
			isa = PBXContainerItemProxy;
			containerPortal = 5B8669E327726CA300A56DEF /* Project object */;
			proxyType = 1;
			remoteGlobalIDString = 5B8669EA27726CA300A56DEF;
			remoteInfo = WoopEventos;
		};
/* End PBXContainerItemProxy section */

/* Begin PBXFileReference section */
		34518B13365D745E3A22CF2C /* libPods-WoopEventosTests.a */ = {isa = PBXFileReference; explicitFileType = archive.ar; includeInIndex = 0; path = "libPods-WoopEventosTests.a"; sourceTree = BUILT_PRODUCTS_DIR; };
		3FAE99B8641B912039093F44 /* Pods-WoopEventos.debug.xcconfig */ = {isa = PBXFileReference; includeInIndex = 1; lastKnownFileType = text.xcconfig; name = "Pods-WoopEventos.debug.xcconfig"; path = "Target Support Files/Pods-WoopEventos/Pods-WoopEventos.debug.xcconfig"; sourceTree = "<group>"; };
		4701C90D0A9EAD511A24FB0F /* Pods-WoopEventosTests.release.xcconfig */ = {isa = PBXFileReference; includeInIndex = 1; lastKnownFileType = text.xcconfig; name = "Pods-WoopEventosTests.release.xcconfig"; path = "Target Support Files/Pods-WoopEventosTests/Pods-WoopEventosTests.release.xcconfig"; sourceTree = "<group>"; };
		5B664BA5277AAA8E00F580E7 /* WoopEventosTests.xctest */ = {isa = PBXFileReference; explicitFileType = wrapper.cfbundle; includeInIndex = 0; path = WoopEventosTests.xctest; sourceTree = BUILT_PRODUCTS_DIR; };
		5B664BA7277AAA8E00F580E7 /* EventListTests.swift */ = {isa = PBXFileReference; lastKnownFileType = sourcecode.swift; path = EventListTests.swift; sourceTree = "<group>"; };
		5B664BB0277BD2C800F580E7 /* Types.swift */ = {isa = PBXFileReference; lastKnownFileType = sourcecode.swift; path = Types.swift; sourceTree = "<group>"; };
		5B8669EB27726CA300A56DEF /* WoopEventos.app */ = {isa = PBXFileReference; explicitFileType = wrapper.application; includeInIndex = 0; path = WoopEventos.app; sourceTree = BUILT_PRODUCTS_DIR; };
		5B8669EE27726CA300A56DEF /* AppDelegate.swift */ = {isa = PBXFileReference; lastKnownFileType = sourcecode.swift; path = AppDelegate.swift; sourceTree = "<group>"; };
		5B8669F027726CA300A56DEF /* SceneDelegate.swift */ = {isa = PBXFileReference; lastKnownFileType = sourcecode.swift; path = SceneDelegate.swift; sourceTree = "<group>"; };
		5B8669F527726CA300A56DEF /* Base */ = {isa = PBXFileReference; lastKnownFileType = file.storyboard; name = Base; path = Base.lproj/Main.storyboard; sourceTree = "<group>"; };
		5B8669F727726CAA00A56DEF /* Assets.xcassets */ = {isa = PBXFileReference; lastKnownFileType = folder.assetcatalog; path = Assets.xcassets; sourceTree = "<group>"; };
		5B8669FA27726CAA00A56DEF /* Base */ = {isa = PBXFileReference; lastKnownFileType = file.storyboard; name = Base; path = Base.lproj/LaunchScreen.storyboard; sourceTree = "<group>"; };
		5B8669FC27726CAA00A56DEF /* Info.plist */ = {isa = PBXFileReference; lastKnownFileType = text.plist.xml; path = Info.plist; sourceTree = "<group>"; };
		5B866A0827729FB600A56DEF /* EventListController.swift */ = {isa = PBXFileReference; lastKnownFileType = sourcecode.swift; path = EventListController.swift; sourceTree = "<group>"; };
		5B866A0A27729FD100A56DEF /* EventDetailController.swift */ = {isa = PBXFileReference; lastKnownFileType = sourcecode.swift; path = EventDetailController.swift; sourceTree = "<group>"; };
		5B866A0C2772A0B300A56DEF /* Event.swift */ = {isa = PBXFileReference; lastKnownFileType = sourcecode.swift; path = Event.swift; sourceTree = "<group>"; };
		5B866A0E2772A0D300A56DEF /* EventCell.swift */ = {isa = PBXFileReference; lastKnownFileType = sourcecode.swift; path = EventCell.swift; sourceTree = "<group>"; };
		5B866A102772A0FA00A56DEF /* EventService.swift */ = {isa = PBXFileReference; lastKnownFileType = sourcecode.swift; path = EventService.swift; sourceTree = "<group>"; };
		5B866A122772A1A300A56DEF /* Constants.swift */ = {isa = PBXFileReference; lastKnownFileType = sourcecode.swift; path = Constants.swift; sourceTree = "<group>"; };
		5B866A142772A99200A56DEF /* Extensions.swift */ = {isa = PBXFileReference; lastKnownFileType = sourcecode.swift; path = Extensions.swift; sourceTree = "<group>"; };
		5B866A182772E63400A56DEF /* Utilities.swift */ = {isa = PBXFileReference; lastKnownFileType = sourcecode.swift; path = Utilities.swift; sourceTree = "<group>"; };
		5B866A1A2773A82400A56DEF /* MapKit.framework */ = {isa = PBXFileReference; lastKnownFileType = wrapper.framework; name = MapKit.framework; path = System/Library/Frameworks/MapKit.framework; sourceTree = SDKROOT; };
		5B866A1C277558F600A56DEF /* EventCheckin.swift */ = {isa = PBXFileReference; lastKnownFileType = sourcecode.swift; path = EventCheckin.swift; sourceTree = "<group>"; };
		5B866A1E27755E1200A56DEF /* EventListViewModel.swift */ = {isa = PBXFileReference; lastKnownFileType = sourcecode.swift; path = EventListViewModel.swift; sourceTree = "<group>"; };
		5B866A2027758EBA00A56DEF /* EventDetailViewModel.swift */ = {isa = PBXFileReference; lastKnownFileType = sourcecode.swift; path = EventDetailViewModel.swift; sourceTree = "<group>"; };
		5B9685712778AB350053B25B /* EventDetailInfoView.swift */ = {isa = PBXFileReference; lastKnownFileType = sourcecode.swift; path = EventDetailInfoView.swift; sourceTree = "<group>"; };
		5B9685752778F3330053B25B /* EventDetailView.swift */ = {isa = PBXFileReference; lastKnownFileType = sourcecode.swift; path = EventDetailView.swift; sourceTree = "<group>"; };
		5B9685792779074D0053B25B /* EventErrorViewController.swift */ = {isa = PBXFileReference; lastKnownFileType = sourcecode.swift; path = EventErrorViewController.swift; sourceTree = "<group>"; };
		5BAA14A4277C0CA4008A9497 /* EventDetailTests.swift */ = {isa = PBXFileReference; lastKnownFileType = sourcecode.swift; path = EventDetailTests.swift; sourceTree = "<group>"; };
		5BAA14A6277C0D0C008A9497 /* MockEventService.swift */ = {isa = PBXFileReference; lastKnownFileType = sourcecode.swift; path = MockEventService.swift; sourceTree = "<group>"; };
		5BAA14AA277C1687008A9497 /* KeychainService.swift */ = {isa = PBXFileReference; lastKnownFileType = sourcecode.swift; path = KeychainService.swift; sourceTree = "<group>"; };
		69F194EE22E9D9D5B460616F /* Pods-WoopEventos.release.xcconfig */ = {isa = PBXFileReference; includeInIndex = 1; lastKnownFileType = text.xcconfig; name = "Pods-WoopEventos.release.xcconfig"; path = "Target Support Files/Pods-WoopEventos/Pods-WoopEventos.release.xcconfig"; sourceTree = "<group>"; };
		B046E9AEFF10D4B9A8951BB5 /* Pods-WoopEventosTests.debug.xcconfig */ = {isa = PBXFileReference; includeInIndex = 1; lastKnownFileType = text.xcconfig; name = "Pods-WoopEventosTests.debug.xcconfig"; path = "Target Support Files/Pods-WoopEventosTests/Pods-WoopEventosTests.debug.xcconfig"; sourceTree = "<group>"; };
		B890973E9ABC1CA9A0000BE3 /* Pods_WoopEventos.framework */ = {isa = PBXFileReference; explicitFileType = wrapper.framework; includeInIndex = 0; path = Pods_WoopEventos.framework; sourceTree = BUILT_PRODUCTS_DIR; };
/* End PBXFileReference section */

/* Begin PBXFrameworksBuildPhase section */
		5B664BA2277AAA8E00F580E7 /* Frameworks */ = {
			isa = PBXFrameworksBuildPhase;
			buildActionMask = 2147483647;
			files = (
				E3AE612D4353F8473AD02C61 /* libPods-WoopEventosTests.a in Frameworks */,
			);
			runOnlyForDeploymentPostprocessing = 0;
		};
		5B8669E827726CA300A56DEF /* Frameworks */ = {
			isa = PBXFrameworksBuildPhase;
			buildActionMask = 2147483647;
			files = (
				5B866A1B2773A82400A56DEF /* MapKit.framework in Frameworks */,
				11C4D68708E3C30B5DF7E024 /* Pods_WoopEventos.framework in Frameworks */,
			);
			runOnlyForDeploymentPostprocessing = 0;
		};
/* End PBXFrameworksBuildPhase section */

/* Begin PBXGroup section */
		4AD5DE71A422ED94558671A7 /* Pods */ = {
			isa = PBXGroup;
			children = (
				3FAE99B8641B912039093F44 /* Pods-WoopEventos.debug.xcconfig */,
				69F194EE22E9D9D5B460616F /* Pods-WoopEventos.release.xcconfig */,
				B046E9AEFF10D4B9A8951BB5 /* Pods-WoopEventosTests.debug.xcconfig */,
				4701C90D0A9EAD511A24FB0F /* Pods-WoopEventosTests.release.xcconfig */,
			);
			path = Pods;
			sourceTree = "<group>";
		};
		5B664BA6277AAA8E00F580E7 /* WoopEventosTests */ = {
			isa = PBXGroup;
			children = (
				5B664BA7277AAA8E00F580E7 /* EventListTests.swift */,
				5BAA14A4277C0CA4008A9497 /* EventDetailTests.swift */,
				5BAA14A6277C0D0C008A9497 /* MockEventService.swift */,
			);
			path = WoopEventosTests;
			sourceTree = "<group>";
		};
		5B8669E227726CA300A56DEF = {
			isa = PBXGroup;
			children = (
				5B8669ED27726CA300A56DEF /* WoopEventos */,
				5B664BA6277AAA8E00F580E7 /* WoopEventosTests */,
				5B8669EC27726CA300A56DEF /* Products */,
				4AD5DE71A422ED94558671A7 /* Pods */,
				5E184AE539F3829C05DF0F08 /* Frameworks */,
			);
			sourceTree = "<group>";
		};
		5B8669EC27726CA300A56DEF /* Products */ = {
			isa = PBXGroup;
			children = (
				5B8669EB27726CA300A56DEF /* WoopEventos.app */,
				5B664BA5277AAA8E00F580E7 /* WoopEventosTests.xctest */,
			);
			name = Products;
			sourceTree = "<group>";
		};
		5B8669ED27726CA300A56DEF /* WoopEventos */ = {
			isa = PBXGroup;
			children = (
				5B866A0327729F1600A56DEF /* Model */,
				5B866A0527729F2200A56DEF /* ViewModel */,
				5B866A0427729F1D00A56DEF /* View */,
				5B866A0627729F3D00A56DEF /* Controller */,
				5B866A0727729F4900A56DEF /* Services */,
				5B866A0227729F0A00A56DEF /* Utils */,
				5B8669EE27726CA300A56DEF /* AppDelegate.swift */,
				5B8669F027726CA300A56DEF /* SceneDelegate.swift */,
				5B8669F427726CA300A56DEF /* Main.storyboard */,
				5B8669F727726CAA00A56DEF /* Assets.xcassets */,
				5B8669F927726CAA00A56DEF /* LaunchScreen.storyboard */,
				5B8669FC27726CAA00A56DEF /* Info.plist */,
				5B866A122772A1A300A56DEF /* Constants.swift */,
			);
			path = WoopEventos;
			sourceTree = "<group>";
		};
		5B866A0227729F0A00A56DEF /* Utils */ = {
			isa = PBXGroup;
			children = (
				5B866A142772A99200A56DEF /* Extensions.swift */,
				5B866A182772E63400A56DEF /* Utilities.swift */,
				5B664BB0277BD2C800F580E7 /* Types.swift */,
			);
			path = Utils;
			sourceTree = "<group>";
		};
		5B866A0327729F1600A56DEF /* Model */ = {
			isa = PBXGroup;
			children = (
				5B866A0C2772A0B300A56DEF /* Event.swift */,
				5B866A1C277558F600A56DEF /* EventCheckin.swift */,
			);
			path = Model;
			sourceTree = "<group>";
		};
		5B866A0427729F1D00A56DEF /* View */ = {
			isa = PBXGroup;
			children = (
				5B866A0E2772A0D300A56DEF /* EventCell.swift */,
				5B9685712778AB350053B25B /* EventDetailInfoView.swift */,
				5B9685752778F3330053B25B /* EventDetailView.swift */,
			);
			path = View;
			sourceTree = "<group>";
		};
		5B866A0527729F2200A56DEF /* ViewModel */ = {
			isa = PBXGroup;
			children = (
				5B866A1E27755E1200A56DEF /* EventListViewModel.swift */,
				5B866A2027758EBA00A56DEF /* EventDetailViewModel.swift */,
			);
			path = ViewModel;
			sourceTree = "<group>";
		};
		5B866A0627729F3D00A56DEF /* Controller */ = {
			isa = PBXGroup;
			children = (
				5B9685792779074D0053B25B /* EventErrorViewController.swift */,
				5B866A0827729FB600A56DEF /* EventListController.swift */,
				5B866A0A27729FD100A56DEF /* EventDetailController.swift */,
			);
			path = Controller;
			sourceTree = "<group>";
		};
		5B866A0727729F4900A56DEF /* Services */ = {
			isa = PBXGroup;
			children = (
				5B866A102772A0FA00A56DEF /* EventService.swift */,
				5BAA14AA277C1687008A9497 /* KeychainService.swift */,
			);
			path = Services;
			sourceTree = "<group>";
		};
		5E184AE539F3829C05DF0F08 /* Frameworks */ = {
			isa = PBXGroup;
			children = (
				5B866A1A2773A82400A56DEF /* MapKit.framework */,
				B890973E9ABC1CA9A0000BE3 /* Pods_WoopEventos.framework */,
				34518B13365D745E3A22CF2C /* libPods-WoopEventosTests.a */,
			);
			name = Frameworks;
			sourceTree = "<group>";
		};
/* End PBXGroup section */

/* Begin PBXNativeTarget section */
		5B664BA4277AAA8E00F580E7 /* WoopEventosTests */ = {
			isa = PBXNativeTarget;
			buildConfigurationList = 5B664BAB277AAA8F00F580E7 /* Build configuration list for PBXNativeTarget "WoopEventosTests" */;
			buildPhases = (
				91C1488463CF2BCAED6D917A /* [CP] Check Pods Manifest.lock */,
				5B664BA1277AAA8E00F580E7 /* Sources */,
				5B664BA2277AAA8E00F580E7 /* Frameworks */,
				5B664BA3277AAA8E00F580E7 /* Resources */,
			);
			buildRules = (
			);
			dependencies = (
				5B664BAA277AAA8F00F580E7 /* PBXTargetDependency */,
			);
			name = WoopEventosTests;
			productName = WoopEventosTests;
			productReference = 5B664BA5277AAA8E00F580E7 /* WoopEventosTests.xctest */;
			productType = "com.apple.product-type.bundle.unit-test";
		};
		5B8669EA27726CA300A56DEF /* WoopEventos */ = {
			isa = PBXNativeTarget;
			buildConfigurationList = 5B8669FF27726CAA00A56DEF /* Build configuration list for PBXNativeTarget "WoopEventos" */;
			buildPhases = (
				7BD533DA6C5C9995FFFB4CAD /* [CP] Check Pods Manifest.lock */,
				5B8669E727726CA300A56DEF /* Sources */,
				5B8669E827726CA300A56DEF /* Frameworks */,
				5B8669E927726CA300A56DEF /* Resources */,
				CE3D9938AE3C2E7B51790034 /* [CP] Embed Pods Frameworks */,
			);
			buildRules = (
			);
			dependencies = (
			);
			name = WoopEventos;
			productName = WoopEventos;
			productReference = 5B8669EB27726CA300A56DEF /* WoopEventos.app */;
			productType = "com.apple.product-type.application";
		};
/* End PBXNativeTarget section */

/* Begin PBXProject section */
		5B8669E327726CA300A56DEF /* Project object */ = {
			isa = PBXProject;
			attributes = {
				BuildIndependentTargetsInParallel = 1;
				LastSwiftUpdateCheck = 1310;
				LastUpgradeCheck = 1310;
				TargetAttributes = {
					5B664BA4277AAA8E00F580E7 = {
						CreatedOnToolsVersion = 13.1;
						TestTargetID = 5B8669EA27726CA300A56DEF;
					};
					5B8669EA27726CA300A56DEF = {
						CreatedOnToolsVersion = 13.1;
					};
				};
			};
			buildConfigurationList = 5B8669E627726CA300A56DEF /* Build configuration list for PBXProject "WoopEventos" */;
			compatibilityVersion = "Xcode 13.0";
			developmentRegion = en;
			hasScannedForEncodings = 0;
			knownRegions = (
				en,
				Base,
			);
			mainGroup = 5B8669E227726CA300A56DEF;
			productRefGroup = 5B8669EC27726CA300A56DEF /* Products */;
			projectDirPath = "";
			projectRoot = "";
			targets = (
				5B8669EA27726CA300A56DEF /* WoopEventos */,
				5B664BA4277AAA8E00F580E7 /* WoopEventosTests */,
			);
		};
/* End PBXProject section */

/* Begin PBXResourcesBuildPhase section */
		5B664BA3277AAA8E00F580E7 /* Resources */ = {
			isa = PBXResourcesBuildPhase;
			buildActionMask = 2147483647;
			files = (
			);
			runOnlyForDeploymentPostprocessing = 0;
		};
		5B8669E927726CA300A56DEF /* Resources */ = {
			isa = PBXResourcesBuildPhase;
			buildActionMask = 2147483647;
			files = (
				5B8669FB27726CAA00A56DEF /* LaunchScreen.storyboard in Resources */,
				5B8669F827726CAA00A56DEF /* Assets.xcassets in Resources */,
				5B8669F627726CA300A56DEF /* Main.storyboard in Resources */,
			);
			runOnlyForDeploymentPostprocessing = 0;
		};
/* End PBXResourcesBuildPhase section */

/* Begin PBXShellScriptBuildPhase section */
		7BD533DA6C5C9995FFFB4CAD /* [CP] Check Pods Manifest.lock */ = {
			isa = PBXShellScriptBuildPhase;
			buildActionMask = 2147483647;
			files = (
			);
			inputFileListPaths = (
			);
			inputPaths = (
				"${PODS_PODFILE_DIR_PATH}/Podfile.lock",
				"${PODS_ROOT}/Manifest.lock",
			);
			name = "[CP] Check Pods Manifest.lock";
			outputFileListPaths = (
			);
			outputPaths = (
				"$(DERIVED_FILE_DIR)/Pods-WoopEventos-checkManifestLockResult.txt",
			);
			runOnlyForDeploymentPostprocessing = 0;
			shellPath = /bin/sh;
			shellScript = "diff \"${PODS_PODFILE_DIR_PATH}/Podfile.lock\" \"${PODS_ROOT}/Manifest.lock\" > /dev/null\nif [ $? != 0 ] ; then\n    # print error to STDERR\n    echo \"error: The sandbox is not in sync with the Podfile.lock. Run 'pod install' or update your CocoaPods installation.\" >&2\n    exit 1\nfi\n# This output is used by Xcode 'outputs' to avoid re-running this script phase.\necho \"SUCCESS\" > \"${SCRIPT_OUTPUT_FILE_0}\"\n";
			showEnvVarsInLog = 0;
		};
		91C1488463CF2BCAED6D917A /* [CP] Check Pods Manifest.lock */ = {
			isa = PBXShellScriptBuildPhase;
			buildActionMask = 2147483647;
			files = (
			);
			inputFileListPaths = (
			);
			inputPaths = (
				"${PODS_PODFILE_DIR_PATH}/Podfile.lock",
				"${PODS_ROOT}/Manifest.lock",
			);
			name = "[CP] Check Pods Manifest.lock";
			outputFileListPaths = (
			);
			outputPaths = (
				"$(DERIVED_FILE_DIR)/Pods-WoopEventosTests-checkManifestLockResult.txt",
			);
			runOnlyForDeploymentPostprocessing = 0;
			shellPath = /bin/sh;
			shellScript = "diff \"${PODS_PODFILE_DIR_PATH}/Podfile.lock\" \"${PODS_ROOT}/Manifest.lock\" > /dev/null\nif [ $? != 0 ] ; then\n    # print error to STDERR\n    echo \"error: The sandbox is not in sync with the Podfile.lock. Run 'pod install' or update your CocoaPods installation.\" >&2\n    exit 1\nfi\n# This output is used by Xcode 'outputs' to avoid re-running this script phase.\necho \"SUCCESS\" > \"${SCRIPT_OUTPUT_FILE_0}\"\n";
			showEnvVarsInLog = 0;
		};
		CE3D9938AE3C2E7B51790034 /* [CP] Embed Pods Frameworks */ = {
			isa = PBXShellScriptBuildPhase;
			buildActionMask = 2147483647;
			files = (
			);
			inputFileListPaths = (
				"${PODS_ROOT}/Target Support Files/Pods-WoopEventos/Pods-WoopEventos-frameworks-${CONFIGURATION}-input-files.xcfilelist",
			);
			name = "[CP] Embed Pods Frameworks";
			outputFileListPaths = (
				"${PODS_ROOT}/Target Support Files/Pods-WoopEventos/Pods-WoopEventos-frameworks-${CONFIGURATION}-output-files.xcfilelist",
			);
			runOnlyForDeploymentPostprocessing = 0;
			shellPath = /bin/sh;
			shellScript = "\"${PODS_ROOT}/Target Support Files/Pods-WoopEventos/Pods-WoopEventos-frameworks.sh\"\n";
			showEnvVarsInLog = 0;
		};
/* End PBXShellScriptBuildPhase section */

/* Begin PBXSourcesBuildPhase section */
		5B664BA1277AAA8E00F580E7 /* Sources */ = {
			isa = PBXSourcesBuildPhase;
			buildActionMask = 2147483647;
			files = (
				5B664BA8277AAA8E00F580E7 /* EventListTests.swift in Sources */,
				5BAA14A7277C0D0C008A9497 /* MockEventService.swift in Sources */,
				5BAA14A5277C0CA4008A9497 /* EventDetailTests.swift in Sources */,
			);
			runOnlyForDeploymentPostprocessing = 0;
		};
		5B8669E727726CA300A56DEF /* Sources */ = {
			isa = PBXSourcesBuildPhase;
			buildActionMask = 2147483647;
			files = (
				5B8669EF27726CA300A56DEF /* AppDelegate.swift in Sources */,
				5B866A152772A99200A56DEF /* Extensions.swift in Sources */,
				5B866A1F27755E1200A56DEF /* EventListViewModel.swift in Sources */,
				5B9685722778AB360053B25B /* EventDetailInfoView.swift in Sources */,
				5B866A192772E63400A56DEF /* Utilities.swift in Sources */,
				5BAA14AB277C1687008A9497 /* KeychainService.swift in Sources */,
				5B866A0927729FB600A56DEF /* EventListController.swift in Sources */,
				5B96857A2779074D0053B25B /* EventErrorViewController.swift in Sources */,
				5B8669F127726CA300A56DEF /* SceneDelegate.swift in Sources */,
				5B866A0B27729FD100A56DEF /* EventDetailController.swift in Sources */,
				5B9685762778F3330053B25B /* EventDetailView.swift in Sources */,
				5B866A0F2772A0D300A56DEF /* EventCell.swift in Sources */,
				5B866A1D277558F700A56DEF /* EventCheckin.swift in Sources */,
				5B866A0D2772A0B300A56DEF /* Event.swift in Sources */,
				5B866A112772A0FA00A56DEF /* EventService.swift in Sources */,
				5B866A2127758EBB00A56DEF /* EventDetailViewModel.swift in Sources */,
				5B664BB1277BD2CA00F580E7 /* Types.swift in Sources */,
				5B866A132772A1A300A56DEF /* Constants.swift in Sources */,
			);
			runOnlyForDeploymentPostprocessing = 0;
		};
/* End PBXSourcesBuildPhase section */

/* Begin PBXTargetDependency section */
		5B664BAA277AAA8F00F580E7 /* PBXTargetDependency */ = {
			isa = PBXTargetDependency;
			target = 5B8669EA27726CA300A56DEF /* WoopEventos */;
			targetProxy = 5B664BA9277AAA8F00F580E7 /* PBXContainerItemProxy */;
		};
/* End PBXTargetDependency section */

/* Begin PBXVariantGroup section */
		5B8669F427726CA300A56DEF /* Main.storyboard */ = {
			isa = PBXVariantGroup;
			children = (
				5B8669F527726CA300A56DEF /* Base */,
			);
			name = Main.storyboard;
			sourceTree = "<group>";
		};
		5B8669F927726CAA00A56DEF /* LaunchScreen.storyboard */ = {
			isa = PBXVariantGroup;
			children = (
				5B8669FA27726CAA00A56DEF /* Base */,
			);
			name = LaunchScreen.storyboard;
			sourceTree = "<group>";
		};
/* End PBXVariantGroup section */

/* Begin XCBuildConfiguration section */
		5B664BAC277AAA8F00F580E7 /* Debug */ = {
			isa = XCBuildConfiguration;
			baseConfigurationReference = B046E9AEFF10D4B9A8951BB5 /* Pods-WoopEventosTests.debug.xcconfig */;
			buildSettings = {
				BUNDLE_LOADER = "$(TEST_HOST)";
				CODE_SIGN_STYLE = Automatic;
				CURRENT_PROJECT_VERSION = 1;
				DEVELOPMENT_TEAM = 3Y69BC5249;
				GENERATE_INFOPLIST_FILE = YES;
				IPHONEOS_DEPLOYMENT_TARGET = 15.0;
				LD_RUNPATH_SEARCH_PATHS = (
					"$(inherited)",
					"@executable_path/Frameworks",
					"@loader_path/Frameworks",
				);
				MARKETING_VERSION = 1.0;
				PRODUCT_BUNDLE_IDENTIFIER = com.woopeventos.br2.WoopEventosTests;
				PRODUCT_NAME = "$(TARGET_NAME)";
				SWIFT_EMIT_LOC_STRINGS = NO;
				SWIFT_VERSION = 5.0;
				TARGETED_DEVICE_FAMILY = "1,2";
				TEST_HOST = "$(BUILT_PRODUCTS_DIR)/WoopEventos.app/WoopEventos";
			};
			name = Debug;
		};
		5B664BAD277AAA8F00F580E7 /* Release */ = {
			isa = XCBuildConfiguration;
			baseConfigurationReference = 4701C90D0A9EAD511A24FB0F /* Pods-WoopEventosTests.release.xcconfig */;
			buildSettings = {
				BUNDLE_LOADER = "$(TEST_HOST)";
				CODE_SIGN_STYLE = Automatic;
				CURRENT_PROJECT_VERSION = 1;
				DEVELOPMENT_TEAM = 3Y69BC5249;
				GENERATE_INFOPLIST_FILE = YES;
				IPHONEOS_DEPLOYMENT_TARGET = 15.0;
				LD_RUNPATH_SEARCH_PATHS = (
					"$(inherited)",
					"@executable_path/Frameworks",
					"@loader_path/Frameworks",
				);
				MARKETING_VERSION = 1.0;
				PRODUCT_BUNDLE_IDENTIFIER = com.woopeventos.br2.WoopEventosTests;
				PRODUCT_NAME = "$(TARGET_NAME)";
				SWIFT_EMIT_LOC_STRINGS = NO;
				SWIFT_VERSION = 5.0;
				TARGETED_DEVICE_FAMILY = "1,2";
				TEST_HOST = "$(BUILT_PRODUCTS_DIR)/WoopEventos.app/WoopEventos";
			};
			name = Release;
		};
		5B8669FD27726CAA00A56DEF /* Debug */ = {
			isa = XCBuildConfiguration;
			buildSettings = {
				ALWAYS_SEARCH_USER_PATHS = NO;
				CLANG_ANALYZER_NONNULL = YES;
				CLANG_ANALYZER_NUMBER_OBJECT_CONVERSION = YES_AGGRESSIVE;
				CLANG_CXX_LANGUAGE_STANDARD = "gnu++17";
				CLANG_CXX_LIBRARY = "libc++";
				CLANG_ENABLE_MODULES = YES;
				CLANG_ENABLE_OBJC_ARC = YES;
				CLANG_ENABLE_OBJC_WEAK = YES;
				CLANG_WARN_BLOCK_CAPTURE_AUTORELEASING = YES;
				CLANG_WARN_BOOL_CONVERSION = YES;
				CLANG_WARN_COMMA = YES;
				CLANG_WARN_CONSTANT_CONVERSION = YES;
				CLANG_WARN_DEPRECATED_OBJC_IMPLEMENTATIONS = YES;
				CLANG_WARN_DIRECT_OBJC_ISA_USAGE = YES_ERROR;
				CLANG_WARN_DOCUMENTATION_COMMENTS = YES;
				CLANG_WARN_EMPTY_BODY = YES;
				CLANG_WARN_ENUM_CONVERSION = YES;
				CLANG_WARN_INFINITE_RECURSION = YES;
				CLANG_WARN_INT_CONVERSION = YES;
				CLANG_WARN_NON_LITERAL_NULL_CONVERSION = YES;
				CLANG_WARN_OBJC_IMPLICIT_RETAIN_SELF = YES;
				CLANG_WARN_OBJC_LITERAL_CONVERSION = YES;
				CLANG_WARN_OBJC_ROOT_CLASS = YES_ERROR;
				CLANG_WARN_QUOTED_INCLUDE_IN_FRAMEWORK_HEADER = YES;
				CLANG_WARN_RANGE_LOOP_ANALYSIS = YES;
				CLANG_WARN_STRICT_PROTOTYPES = YES;
				CLANG_WARN_SUSPICIOUS_MOVE = YES;
				CLANG_WARN_UNGUARDED_AVAILABILITY = YES_AGGRESSIVE;
				CLANG_WARN_UNREACHABLE_CODE = YES;
				CLANG_WARN__DUPLICATE_METHOD_MATCH = YES;
				COPY_PHASE_STRIP = NO;
				DEBUG_INFORMATION_FORMAT = dwarf;
				ENABLE_STRICT_OBJC_MSGSEND = YES;
				ENABLE_TESTABILITY = YES;
				GCC_C_LANGUAGE_STANDARD = gnu11;
				GCC_DYNAMIC_NO_PIC = NO;
				GCC_NO_COMMON_BLOCKS = YES;
				GCC_OPTIMIZATION_LEVEL = 0;
				GCC_PREPROCESSOR_DEFINITIONS = (
					"DEBUG=1",
					"$(inherited)",
				);
				GCC_WARN_64_TO_32_BIT_CONVERSION = YES;
				GCC_WARN_ABOUT_RETURN_TYPE = YES_ERROR;
				GCC_WARN_UNDECLARED_SELECTOR = YES;
				GCC_WARN_UNINITIALIZED_AUTOS = YES_AGGRESSIVE;
				GCC_WARN_UNUSED_FUNCTION = YES;
				GCC_WARN_UNUSED_VARIABLE = YES;
				IPHONEOS_DEPLOYMENT_TARGET = 14.7;
				MTL_ENABLE_DEBUG_INFO = INCLUDE_SOURCE;
				MTL_FAST_MATH = YES;
				ONLY_ACTIVE_ARCH = YES;
				SDKROOT = iphoneos;
				SWIFT_ACTIVE_COMPILATION_CONDITIONS = DEBUG;
				SWIFT_OPTIMIZATION_LEVEL = "-Onone";
			};
			name = Debug;
		};
		5B8669FE27726CAA00A56DEF /* Release */ = {
			isa = XCBuildConfiguration;
			buildSettings = {
				ALWAYS_SEARCH_USER_PATHS = NO;
				CLANG_ANALYZER_NONNULL = YES;
				CLANG_ANALYZER_NUMBER_OBJECT_CONVERSION = YES_AGGRESSIVE;
				CLANG_CXX_LANGUAGE_STANDARD = "gnu++17";
				CLANG_CXX_LIBRARY = "libc++";
				CLANG_ENABLE_MODULES = YES;
				CLANG_ENABLE_OBJC_ARC = YES;
				CLANG_ENABLE_OBJC_WEAK = YES;
				CLANG_WARN_BLOCK_CAPTURE_AUTORELEASING = YES;
				CLANG_WARN_BOOL_CONVERSION = YES;
				CLANG_WARN_COMMA = YES;
				CLANG_WARN_CONSTANT_CONVERSION = YES;
				CLANG_WARN_DEPRECATED_OBJC_IMPLEMENTATIONS = YES;
				CLANG_WARN_DIRECT_OBJC_ISA_USAGE = YES_ERROR;
				CLANG_WARN_DOCUMENTATION_COMMENTS = YES;
				CLANG_WARN_EMPTY_BODY = YES;
				CLANG_WARN_ENUM_CONVERSION = YES;
				CLANG_WARN_INFINITE_RECURSION = YES;
				CLANG_WARN_INT_CONVERSION = YES;
				CLANG_WARN_NON_LITERAL_NULL_CONVERSION = YES;
				CLANG_WARN_OBJC_IMPLICIT_RETAIN_SELF = YES;
				CLANG_WARN_OBJC_LITERAL_CONVERSION = YES;
				CLANG_WARN_OBJC_ROOT_CLASS = YES_ERROR;
				CLANG_WARN_QUOTED_INCLUDE_IN_FRAMEWORK_HEADER = YES;
				CLANG_WARN_RANGE_LOOP_ANALYSIS = YES;
				CLANG_WARN_STRICT_PROTOTYPES = YES;
				CLANG_WARN_SUSPICIOUS_MOVE = YES;
				CLANG_WARN_UNGUARDED_AVAILABILITY = YES_AGGRESSIVE;
				CLANG_WARN_UNREACHABLE_CODE = YES;
				CLANG_WARN__DUPLICATE_METHOD_MATCH = YES;
				COPY_PHASE_STRIP = NO;
				DEBUG_INFORMATION_FORMAT = "dwarf-with-dsym";
				ENABLE_NS_ASSERTIONS = NO;
				ENABLE_STRICT_OBJC_MSGSEND = YES;
				GCC_C_LANGUAGE_STANDARD = gnu11;
				GCC_NO_COMMON_BLOCKS = YES;
				GCC_WARN_64_TO_32_BIT_CONVERSION = YES;
				GCC_WARN_ABOUT_RETURN_TYPE = YES_ERROR;
				GCC_WARN_UNDECLARED_SELECTOR = YES;
				GCC_WARN_UNINITIALIZED_AUTOS = YES_AGGRESSIVE;
				GCC_WARN_UNUSED_FUNCTION = YES;
				GCC_WARN_UNUSED_VARIABLE = YES;
				IPHONEOS_DEPLOYMENT_TARGET = 14.7;
				MTL_ENABLE_DEBUG_INFO = NO;
				MTL_FAST_MATH = YES;
				SDKROOT = iphoneos;
				SWIFT_COMPILATION_MODE = wholemodule;
				SWIFT_OPTIMIZATION_LEVEL = "-O";
				VALIDATE_PRODUCT = YES;
			};
			name = Release;
		};
		5B866A0027726CAA00A56DEF /* Debug */ = {
			isa = XCBuildConfiguration;
			baseConfigurationReference = 3FAE99B8641B912039093F44 /* Pods-WoopEventos.debug.xcconfig */;
			buildSettings = {
				ASSETCATALOG_COMPILER_APPICON_NAME = AppIcon;
				ASSETCATALOG_COMPILER_GLOBAL_ACCENT_COLOR_NAME = AccentColor;
				CODE_SIGN_STYLE = Automatic;
				CURRENT_PROJECT_VERSION = 1;
				DEVELOPMENT_TEAM = 3Y69BC5249;
				GENERATE_INFOPLIST_FILE = YES;
				INFOPLIST_FILE = WoopEventos/Info.plist;
				INFOPLIST_KEY_UIApplicationSupportsIndirectInputEvents = YES;
				INFOPLIST_KEY_UILaunchStoryboardName = LaunchScreen;
				INFOPLIST_KEY_UIMainStoryboardFile = Main;
				INFOPLIST_KEY_UISupportedInterfaceOrientations = UIInterfaceOrientationPortrait;
				INFOPLIST_KEY_UISupportedInterfaceOrientations_iPad = "UIInterfaceOrientationPortrait UIInterfaceOrientationPortraitUpsideDown UIInterfaceOrientationLandscapeLeft UIInterfaceOrientationLandscapeRight";
				INFOPLIST_KEY_UISupportedInterfaceOrientations_iPhone = "UIInterfaceOrientationPortrait UIInterfaceOrientationLandscapeLeft UIInterfaceOrientationLandscapeRight";
				IPHONEOS_DEPLOYMENT_TARGET = 15.0;
				LD_RUNPATH_SEARCH_PATHS = (
					"$(inherited)",
					"@executable_path/Frameworks",
				);
				MARKETING_VERSION = 1.0;
				PRODUCT_BUNDLE_IDENTIFIER = com.woopeventos.br2.WoopEventos;
				PRODUCT_NAME = "$(TARGET_NAME)";
				SWIFT_EMIT_LOC_STRINGS = YES;
				SWIFT_VERSION = 5.0;
				TARGETED_DEVICE_FAMILY = "1,2";
			};
			name = Debug;
		};
		5B866A0127726CAA00A56DEF /* Release */ = {
			isa = XCBuildConfiguration;
			baseConfigurationReference = 69F194EE22E9D9D5B460616F /* Pods-WoopEventos.release.xcconfig */;
			buildSettings = {
				ASSETCATALOG_COMPILER_APPICON_NAME = AppIcon;
				ASSETCATALOG_COMPILER_GLOBAL_ACCENT_COLOR_NAME = AccentColor;
				CODE_SIGN_STYLE = Automatic;
				CURRENT_PROJECT_VERSION = 1;
				DEVELOPMENT_TEAM = 3Y69BC5249;
				GENERATE_INFOPLIST_FILE = YES;
				INFOPLIST_FILE = WoopEventos/Info.plist;
				INFOPLIST_KEY_UIApplicationSupportsIndirectInputEvents = YES;
				INFOPLIST_KEY_UILaunchStoryboardName = LaunchScreen;
				INFOPLIST_KEY_UIMainStoryboardFile = Main;
				INFOPLIST_KEY_UISupportedInterfaceOrientations = UIInterfaceOrientationPortrait;
				INFOPLIST_KEY_UISupportedInterfaceOrientations_iPad = "UIInterfaceOrientationPortrait UIInterfaceOrientationPortraitUpsideDown UIInterfaceOrientationLandscapeLeft UIInterfaceOrientationLandscapeRight";
				INFOPLIST_KEY_UISupportedInterfaceOrientations_iPhone = "UIInterfaceOrientationPortrait UIInterfaceOrientationLandscapeLeft UIInterfaceOrientationLandscapeRight";
				IPHONEOS_DEPLOYMENT_TARGET = 15.0;
				LD_RUNPATH_SEARCH_PATHS = (
					"$(inherited)",
					"@executable_path/Frameworks",
				);
				MARKETING_VERSION = 1.0;
				PRODUCT_BUNDLE_IDENTIFIER = com.woopeventos.br2.WoopEventos;
				PRODUCT_NAME = "$(TARGET_NAME)";
				SWIFT_EMIT_LOC_STRINGS = YES;
				SWIFT_VERSION = 5.0;
				TARGETED_DEVICE_FAMILY = "1,2";
			};
			name = Release;
		};
/* End XCBuildConfiguration section */

/* Begin XCConfigurationList section */
		5B664BAB277AAA8F00F580E7 /* Build configuration list for PBXNativeTarget "WoopEventosTests" */ = {
			isa = XCConfigurationList;
			buildConfigurations = (
				5B664BAC277AAA8F00F580E7 /* Debug */,
				5B664BAD277AAA8F00F580E7 /* Release */,
			);
			defaultConfigurationIsVisible = 0;
			defaultConfigurationName = Release;
		};
		5B8669E627726CA300A56DEF /* Build configuration list for PBXProject "WoopEventos" */ = {
			isa = XCConfigurationList;
			buildConfigurations = (
				5B8669FD27726CAA00A56DEF /* Debug */,
				5B8669FE27726CAA00A56DEF /* Release */,
			);
			defaultConfigurationIsVisible = 0;
			defaultConfigurationName = Release;
		};
		5B8669FF27726CAA00A56DEF /* Build configuration list for PBXNativeTarget "WoopEventos" */ = {
			isa = XCConfigurationList;
			buildConfigurations = (
				5B866A0027726CAA00A56DEF /* Debug */,
				5B866A0127726CAA00A56DEF /* Release */,
			);
			defaultConfigurationIsVisible = 0;
			defaultConfigurationName = Release;
		};
/* End XCConfigurationList section */
	};
	rootObject = 5B8669E327726CA300A56DEF /* Project object */;
}
